
Microsoft Visual Studio Solution File, Format Version 12.00
# Visual Studio Version 16
VisualStudioVersion = 16.0.29201.188
MinimumVisualStudioVersion = 10.0.40219.1
Project("{888888A0-9F3D-457C-B088-3A5042F75D52}") = "DjangoWebProject3", "DjangoWebProject3.pyproj", "{FDFAA118-C314-41C9-BAC5-0887122E3640}"
EndProject
Global
	GlobalSection(SolutionConfigurationPlatforms) = preSolution
		Debug|Any CPU = Debug|Any CPU
		Release|Any CPU = Release|Any CPU
	EndGlobalSection
	GlobalSection(ProjectConfigurationPlatforms) = postSolution
		{FDFAA118-C314-41C9-BAC5-0887122E3640}.Debug|Any CPU.ActiveCfg = Debug|Any CPU
		{FDFAA118-C314-41C9-BAC5-0887122E3640}.Debug|Any CPU.Build.0 = Debug|Any CPU
		{FDFAA118-C314-41C9-BAC5-0887122E3640}.Release|Any CPU.ActiveCfg = Release|Any CPU
		{FDFAA118-C314-41C9-BAC5-0887122E3640}.Release|Any CPU.Build.0 = Release|Any CPU
	EndGlobalSection
	GlobalSection(SolutionProperties) = preSolution
		HideSolutionNode = FALSE
	EndGlobalSection
	GlobalSection(ExtensibilityGlobals) = postSolution
		SolutionGuid = {284A0168-42EA-47C2-8810-A8D18B2A22A8}
	EndGlobalSection
EndGlobal
